
Microsoft Visual Studio Solution File, Format Version 12.00
# Visual Studio Version 17
VisualStudioVersion = 17.9.34902.65
MinimumVisualStudioVersion = 10.0.40219.1
Project("{9A19103F-16F7-4668-BE54-9A1E7A4F7556}") = "LessonNet", "LessonNet.csproj", "{C64E88B3-8DAF-40B1-BC07-682CA0F4646C}"
EndProject
Project("{9A19103F-16F7-4668-BE54-9A1E7A4F7556}") = "LessonNetClient", "..\LessonNetClient\LessonNetClient.csproj", "{ABECFC00-E441-4255-8A88-1E43DCE54899}"
EndProject
Global
	GlobalSection(SolutionConfigurationPlatforms) = preSolution
		Debug|Any CPU = Debug|Any CPU
		Release|Any CPU = Release|Any CPU
	EndGlobalSection
	GlobalSection(ProjectConfigurationPlatforms) = postSolution
		{C64E88B3-8DAF-40B1-BC07-682CA0F4646C}.Debug|Any CPU.ActiveCfg = Debug|Any CPU
		{C64E88B3-8DAF-40B1-BC07-682CA0F4646C}.Debug|Any CPU.Build.0 = Debug|Any CPU
		{C64E88B3-8DAF-40B1-BC07-682CA0F4646C}.Release|Any CPU.ActiveCfg = Release|Any CPU
		{C64E88B3-8DAF-40B1-BC07-682CA0F4646C}.Release|Any CPU.Build.0 = Release|Any CPU
		{ABECFC00-E441-4255-8A88-1E43DCE54899}.Debug|Any CPU.ActiveCfg = Debug|Any CPU
		{ABECFC00-E441-4255-8A88-1E43DCE54899}.Debug|Any CPU.Build.0 = Debug|Any CPU
		{ABECFC00-E441-4255-8A88-1E43DCE54899}.Release|Any CPU.ActiveCfg = Release|Any CPU
		{ABECFC00-E441-4255-8A88-1E43DCE54899}.Release|Any CPU.Build.0 = Release|Any CPU
	EndGlobalSection
	GlobalSection(SolutionProperties) = preSolution
		HideSolutionNode = FALSE
	EndGlobalSection
	GlobalSection(ExtensibilityGlobals) = postSolution
		SolutionGuid = {F5785D4B-5E1F-4046-A6FA-CCDB41AB85FA}
	EndGlobalSection
EndGlobal
